// !$*UTF8*$!
{
	archiveVersion = 1;
	classes = {
	};
	objectVersion = 50;
	objects = {

/* Begin PBXBuildFile section */
		1500923F208AAE3E0079E460 /* AppDelegate.swift in Sources */ = {isa = PBXBuildFile; fileRef = 1500923E208AAE3E0079E460 /* AppDelegate.swift */; };
		15009241208AAE3E0079E460 /* ViewController.swift in Sources */ = {isa = PBXBuildFile; fileRef = 15009240208AAE3E0079E460 /* ViewController.swift */; };
		15009244208AAE3E0079E460 /* Main.storyboard in Resources */ = {isa = PBXBuildFile; fileRef = 15009242208AAE3E0079E460 /* Main.storyboard */; };
		15009246208AAE3E0079E460 /* Assets.xcassets in Resources */ = {isa = PBXBuildFile; fileRef = 15009245208AAE3E0079E460 /* Assets.xcassets */; };
		15009249208AAE3E0079E460 /* LaunchScreen.storyboard in Resources */ = {isa = PBXBuildFile; fileRef = 15009247208AAE3E0079E460 /* LaunchScreen.storyboard */; };
		15009251208AB01E0079E460 /* UIButtonExt.swift in Sources */ = {isa = PBXBuildFile; fileRef = 15009250208AB01E0079E460 /* UIButtonExt.swift */; };
		15009253208AB43D0079E460 /* Helpers.swift in Sources */ = {isa = PBXBuildFile; fileRef = 15009252208AB43D0079E460 /* Helpers.swift */; };
/* End PBXBuildFile section */

/* Begin PBXFileReference section */
		1500923B208AAE3E0079E460 /* extension-dance-party.app */ = {isa = PBXFileReference; explicitFileType = wrapper.application; includeInIndex = 0; path = "extension-dance-party.app"; sourceTree = BUILT_PRODUCTS_DIR; };
		1500923E208AAE3E0079E460 /* AppDelegate.swift */ = {isa = PBXFileReference; lastKnownFileType = sourcecode.swift; path = AppDelegate.swift; sourceTree = "<group>"; };
		15009240208AAE3E0079E460 /* ViewController.swift */ = {isa = PBXFileReference; lastKnownFileType = sourcecode.swift; path = ViewController.swift; sourceTree = "<group>"; };
		15009243208AAE3E0079E460 /* Base */ = {isa = PBXFileReference; lastKnownFileType = file.storyboard; name = Base; path = Base.lproj/Main.storyboard; sourceTree = "<group>"; };
		15009245208AAE3E0079E460 /* Assets.xcassets */ = {isa = PBXFileReference; lastKnownFileType = folder.assetcatalog; path = Assets.xcassets; sourceTree = "<group>"; };
		15009248208AAE3E0079E460 /* Base */ = {isa = PBXFileReference; lastKnownFileType = file.storyboard; name = Base; path = Base.lproj/LaunchScreen.storyboard; sourceTree = "<group>"; };
		1500924A208AAE3E0079E460 /* Info.plist */ = {isa = PBXFileReference; lastKnownFileType = text.plist.xml; path = Info.plist; sourceTree = "<group>"; };
		15009250208AB01E0079E460 /* UIButtonExt.swift */ = {isa = PBXFileReference; lastKnownFileType = sourcecode.swift; path = UIButtonExt.swift; sourceTree = "<group>"; };
		15009252208AB43D0079E460 /* Helpers.swift */ = {isa = PBXFileReference; lastKnownFileType = sourcecode.swift; path = Helpers.swift; sourceTree = "<group>"; };
/* End PBXFileReference section */

/* Begin PBXFrameworksBuildPhase section */
		15009238208AAE3E0079E460 /* Frameworks */ = {
			isa = PBXFrameworksBuildPhase;
			buildActionMask = 2147483647;
			files = (
			);
			runOnlyForDeploymentPostprocessing = 0;
		};
/* End PBXFrameworksBuildPhase section */

/* Begin PBXGroup section */
		15009232208AAE3E0079E460 = {
			isa = PBXGroup;
			children = (
				1500923D208AAE3E0079E460 /* extension-dance-party */,
				1500923C208AAE3E0079E460 /* Products */,
			);
			sourceTree = "<group>";
		};
		1500923C208AAE3E0079E460 /* Products */ = {
			isa = PBXGroup;
			children = (
				1500923B208AAE3E0079E460 /* extension-dance-party.app */,
			);
			name = Products;
			sourceTree = "<group>";
		};
		1500923D208AAE3E0079E460 /* extension-dance-party */ = {
			isa = PBXGroup;
			children = (
				1500923E208AAE3E0079E460 /* AppDelegate.swift */,
				15009240208AAE3E0079E460 /* ViewController.swift */,
				15009242208AAE3E0079E460 /* Main.storyboard */,
				15009245208AAE3E0079E460 /* Assets.xcassets */,
				15009247208AAE3E0079E460 /* LaunchScreen.storyboard */,
				1500924A208AAE3E0079E460 /* Info.plist */,
				15009250208AB01E0079E460 /* UIButtonExt.swift */,
				15009252208AB43D0079E460 /* Helpers.swift */,
			);
			path = "extension-dance-party";
			sourceTree = "<group>";
		};
/* End PBXGroup section */

/* Begin PBXNativeTarget section */
		1500923A208AAE3E0079E460 /* extension-dance-party */ = {
			isa = PBXNativeTarget;
			buildConfigurationList = 1500924D208AAE3E0079E460 /* Build configuration list for PBXNativeTarget "extension-dance-party" */;
			buildPhases = (
				15009237208AAE3E0079E460 /* Sources */,
				15009238208AAE3E0079E460 /* Frameworks */,
				15009239208AAE3E0079E460 /* Resources */,
			);
			buildRules = (
			);
			dependencies = (
			);
			name = "extension-dance-party";
			productName = "extension-dance-party";
			productReference = 1500923B208AAE3E0079E460 /* extension-dance-party.app */;
			productType = "com.apple.product-type.application";
		};
/* End PBXNativeTarget section */

/* Begin PBXProject section */
		15009233208AAE3E0079E460 /* Project object */ = {
			isa = PBXProject;
			attributes = {
				LastSwiftUpdateCheck = 0930;
				LastUpgradeCheck = 0930;
				ORGANIZATIONNAME = javierSalgado;
				TargetAttributes = {
					1500923A208AAE3E0079E460 = {
						CreatedOnToolsVersion = 9.3;
					};
				};
			};
			buildConfigurationList = 15009236208AAE3E0079E460 /* Build configuration list for PBXProject "extension-dance-party" */;
			compatibilityVersion = "Xcode 9.3";
			developmentRegion = en;
			hasScannedForEncodings = 0;
			knownRegions = (
				en,
				Base,
			);
			mainGroup = 15009232208AAE3E0079E460;
			productRefGroup = 1500923C208AAE3E0079E460 /* Products */;
			projectDirPath = "";
			projectRoot = "";
			targets = (
				1500923A208AAE3E0079E460 /* extension-dance-party */,
			);
		};
/* End PBXProject section */

/* Begin PBXResourcesBuildPhase section */
		15009239208AAE3E0079E460 /* Resources */ = {
			isa = PBXResourcesBuildPhase;
			buildActionMask = 2147483647;
			files = (
				15009249208AAE3E0079E460 /* LaunchScreen.storyboard in Resources */,
				15009246208AAE3E0079E460 /* Assets.xcassets in Resources */,
				15009244208AAE3E0079E460 /* Main.storyboard in Resources */,
			);
			runOnlyForDeploymentPostprocessing = 0;
		};
/* End PBXResourcesBuildPhase section */

/* Begin PBXSourcesBuildPhase section */
		15009237208AAE3E0079E460 /* Sources */ = {
			isa = PBXSourcesBuildPhase;
			buildActionMask = 2147483647;
			files = (
				15009241208AAE3E0079E460 /* ViewController.swift in Sources */,
				15009251208AB01E0079E460 /* UIButtonExt.swift in Sources */,
				1500923F208AAE3E0079E460 /* AppDelegate.swift in Sources */,
				15009253208AB43D0079E460 /* Helpers.swift in Sources */,
			);
			runOnlyForDeploymentPostprocessing = 0;
		};
/* End PBXSourcesBuildPhase section */

/* Begin PBXVariantGroup section */
		15009242208AAE3E0079E460 /* Main.storyboard */ = {
			isa = PBXVariantGroup;
			children = (
				15009243208AAE3E0079E460 /* Base */,
			);
			name = Main.storyboard;
			sourceTree = "<group>";
		};
		15009247208AAE3E0079E460 /* LaunchScreen.storyboard */ = {
			isa = PBXVariantGroup;
			children = (
				15009248208AAE3E0079E460 /* Base */,
			);
			name = LaunchScreen.storyboard;
			sourceTree = "<group>";
		};
/* End PBXVariantGroup section */

/* Begin XCBuildConfiguration section */
		1500924B208AAE3E0079E460 /* Debug */ = {
			isa = XCBuildConfiguration;
			buildSettings = {
				ALWAYS_SEARCH_USER_PATHS = NO;
				CLANG_ANALYZER_NONNULL = YES;
				CLANG_ANALYZER_NUMBER_OBJECT_CONVERSION = YES_AGGRESSIVE;
				CLANG_CXX_LANGUAGE_STANDARD = "gnu++14";
				CLANG_CXX_LIBRARY = "libc++";
				CLANG_ENABLE_MODULES = YES;
				CLANG_ENABLE_OBJC_ARC = YES;
				CLANG_ENABLE_OBJC_WEAK = YES;
				CLANG_WARN_BLOCK_CAPTURE_AUTORELEASING = YES;
				CLANG_WARN_BOOL_CONVERSION = YES;
				CLANG_WARN_COMMA = YES;
				CLANG_WARN_CONSTANT_CONVERSION = YES;
				CLANG_WARN_DEPRECATED_OBJC_IMPLEMENTATIONS = YES;
				CLANG_WARN_DIRECT_OBJC_ISA_USAGE = YES_ERROR;
				CLANG_WARN_DOCUMENTATION_COMMENTS = YES;
				CLANG_WARN_EMPTY_BODY = YES;
				CLANG_WARN_ENUM_CONVERSION = YES;
				CLANG_WARN_INFINITE_RECURSION = YES;
				CLANG_WARN_INT_CONVERSION = YES;
				CLANG_WARN_NON_LITERAL_NULL_CONVERSION = YES;
				CLANG_WARN_OBJC_IMPLICIT_RETAIN_SELF = YES;
				CLANG_WARN_OBJC_LITERAL_CONVERSION = YES;
				CLANG_WARN_OBJC_ROOT_CLASS = YES_ERROR;
				CLANG_WARN_RANGE_LOOP_ANALYSIS = YES;
				CLANG_WARN_STRICT_PROTOTYPES = YES;
				CLANG_WARN_SUSPICIOUS_MOVE = YES;
				CLANG_WARN_UNGUARDED_AVAILABILITY = YES_AGGRESSIVE;
				CLANG_WARN_UNREACHABLE_CODE = YES;
				CLANG_WARN__DUPLICATE_METHOD_MATCH = YES;
				CODE_SIGN_IDENTITY = "iPhone Developer";
				COPY_PHASE_STRIP = NO;
				DEBUG_INFORMATION_FORMAT = dwarf;
				ENABLE_STRICT_OBJC_MSGSEND = YES;
				ENABLE_TESTABILITY = YES;
				GCC_C_LANGUAGE_STANDARD = gnu11;
				GCC_DYNAMIC_NO_PIC = NO;
				GCC_NO_COMMON_BLOCKS = YES;
				GCC_OPTIMIZATION_LEVEL = 0;
				GCC_PREPROCESSOR_DEFINITIONS = (
					"DEBUG=1",
					"$(inherited)",
				);
				GCC_WARN_64_TO_32_BIT_CONVERSION = YES;
				GCC_WARN_ABOUT_RETURN_TYPE = YES_ERROR;
				GCC_WARN_UNDECLARED_SELECTOR = YES;
				GCC_WARN_UNINITIALIZED_AUTOS = YES_AGGRESSIVE;
				GCC_WARN_UNUSED_FUNCTION = YES;
				GCC_WARN_UNUSED_VARIABLE = YES;
				IPHONEOS_DEPLOYMENT_TARGET = 11.3;
				MTL_ENABLE_DEBUG_INFO = YES;
				ONLY_ACTIVE_ARCH = YES;
				SDKROOT = iphoneos;
				SWIFT_ACTIVE_COMPILATION_CONDITIONS = DEBUG;
				SWIFT_OPTIMIZATION_LEVEL = "-Onone";
			};
			name = Debug;
		};
		1500924C208AAE3E0079E460 /* Release */ = {
			isa = XCBuildConfiguration;
			buildSettings = {
				ALWAYS_SEARCH_USER_PATHS = NO;
				CLANG_ANALYZER_NONNULL = YES;
				CLANG_ANALYZER_NUMBER_OBJECT_CONVERSION = YES_AGGRESSIVE;
				CLANG_CXX_LANGUAGE_STANDARD = "gnu++14";
				CLANG_CXX_LIBRARY = "libc++";
				CLANG_ENABLE_MODULES = YES;
				CLANG_ENABLE_OBJC_ARC = YES;
				CLANG_ENABLE_OBJC_WEAK = YES;
				CLANG_WARN_BLOCK_CAPTURE_AUTORELEASING = YES;
				CLANG_WARN_BOOL_CONVERSION = YES;
				CLANG_WARN_COMMA = YES;
				CLANG_WARN_CONSTANT_CONVERSION = YES;
				CLANG_WARN_DEPRECATED_OBJC_IMPLEMENTATIONS = YES;
				CLANG_WARN_DIRECT_OBJC_ISA_USAGE = YES_ERROR;
				CLANG_WARN_DOCUMENTATION_COMMENTS = YES;
				CLANG_WARN_EMPTY_BODY = YES;
				CLANG_WARN_ENUM_CONVERSION = YES;
				CLANG_WARN_INFINITE_RECURSION = YES;
				CLANG_WARN_INT_CONVERSION = YES;
				CLANG_WARN_NON_LITERAL_NULL_CONVERSION = YES;
				CLANG_WARN_OBJC_IMPLICIT_RETAIN_SELF = YES;
				CLANG_WARN_OBJC_LITERAL_CONVERSION = YES;
				CLANG_WARN_OBJC_ROOT_CLASS = YES_ERROR;
				CLANG_WARN_RANGE_LOOP_ANALYSIS = YES;
				CLANG_WARN_STRICT_PROTOTYPES = YES;
				CLANG_WARN_SUSPICIOUS_MOVE = YES;
				CLANG_WARN_UNGUARDED_AVAILABILITY = YES_AGGRESSIVE;
				CLANG_WARN_UNREACHABLE_CODE = YES;
				CLANG_WARN__DUPLICATE_METHOD_MATCH = YES;
				CODE_SIGN_IDENTITY = "iPhone Developer";
				COPY_PHASE_STRIP = NO;
				DEBUG_INFORMATION_FORMAT = "dwarf-with-dsym";
				ENABLE_NS_ASSERTIONS = NO;
				ENABLE_STRICT_OBJC_MSGSEND = YES;
				GCC_C_LANGUAGE_STANDARD = gnu11;
				GCC_NO_COMMON_BLOCKS = YES;
				GCC_WARN_64_TO_32_BIT_CONVERSION = YES;
				GCC_WARN_ABOUT_RETURN_TYPE = YES_ERROR;
				GCC_WARN_UNDECLARED_SELECTOR = YES;
				GCC_WARN_UNINITIALIZED_AUTOS = YES_AGGRESSIVE;
				GCC_WARN_UNUSED_FUNCTION = YES;
				GCC_WARN_UNUSED_VARIABLE = YES;
				IPHONEOS_DEPLOYMENT_TARGET = 11.3;
				MTL_ENABLE_DEBUG_INFO = NO;
				SDKROOT = iphoneos;
				SWIFT_COMPILATION_MODE = wholemodule;
				SWIFT_OPTIMIZATION_LEVEL = "-O";
				VALIDATE_PRODUCT = YES;
			};
			name = Release;
		};
		1500924E208AAE3E0079E460 /* Debug */ = {
			isa = XCBuildConfiguration;
			buildSettings = {
				ASSETCATALOG_COMPILER_APPICON_NAME = AppIcon;
				CODE_SIGN_STYLE = Automatic;
				DEVELOPMENT_TEAM = 8LN4GYTTW3;
				INFOPLIST_FILE = "extension-dance-party/Info.plist";
				LD_RUNPATH_SEARCH_PATHS = (
					"$(inherited)",
					"@executable_path/Frameworks",
				);
				PRODUCT_BUNDLE_IDENTIFIER = "com.jsvjaviersalgado.extension-dance-party";
				PRODUCT_NAME = "$(TARGET_NAME)";
				SWIFT_VERSION = 4.0;
				TARGETED_DEVICE_FAMILY = "1,2";
			};
			name = Debug;
		};
		1500924F208AAE3E0079E460 /* Release */ = {
			isa = XCBuildConfiguration;
			buildSettings = {
				ASSETCATALOG_COMPILER_APPICON_NAME = AppIcon;
				CODE_SIGN_STYLE = Automatic;
				DEVELOPMENT_TEAM = 8LN4GYTTW3;
				INFOPLIST_FILE = "extension-dance-party/Info.plist";
				LD_RUNPATH_SEARCH_PATHS = (
					"$(inherited)",
					"@executable_path/Frameworks",
				);
				PRODUCT_BUNDLE_IDENTIFIER = "com.jsvjaviersalgado.extension-dance-party";
				PRODUCT_NAME = "$(TARGET_NAME)";
				SWIFT_VERSION = 4.0;
				TARGETED_DEVICE_FAMILY = "1,2";
			};
			name = Release;
		};
/* End XCBuildConfiguration section */

/* Begin XCConfigurationList section */
		15009236208AAE3E0079E460 /* Build configuration list for PBXProject "extension-dance-party" */ = {
			isa = XCConfigurationList;
			buildConfigurations = (
				1500924B208AAE3E0079E460 /* Debug */,
				1500924C208AAE3E0079E460 /* Release */,
			);
			defaultConfigurationIsVisible = 0;
			defaultConfigurationName = Release;
		};
		1500924D208AAE3E0079E460 /* Build configuration list for PBXNativeTarget "extension-dance-party" */ = {
			isa = XCConfigurationList;
			buildConfigurations = (
				1500924E208AAE3E0079E460 /* Debug */,
				1500924F208AAE3E0079E460 /* Release */,
			);
			defaultConfigurationIsVisible = 0;
			defaultConfigurationName = Release;
		};
/* End XCConfigurationList section */
	};
	rootObject = 15009233208AAE3E0079E460 /* Project object */;
}
